
Microsoft Visual Studio Solution File, Format Version 12.00
# Visual Studio Version 17
VisualStudioVersion = 17.4.33403.182
MinimumVisualStudioVersion = 10.0.40219.1
Project("{9A19103F-16F7-4668-BE54-9A1E7A4F7556}") = "StudentService", "StudentService\StudentService.csproj", "{EA43F9D2-A260-4431-BFD4-C234F7102506}"
EndProject
Global
	GlobalSection(SolutionConfigurationPlatforms) = preSolution
		Debug|Any CPU = Debug|Any CPU
		Release|Any CPU = Release|Any CPU
	EndGlobalSection
	GlobalSection(ProjectConfigurationPlatforms) = postSolution
		{EA43F9D2-A260-4431-BFD4-C234F7102506}.Debug|Any CPU.ActiveCfg = Debug|Any CPU
		{EA43F9D2-A260-4431-BFD4-C234F7102506}.Debug|Any CPU.Build.0 = Debug|Any CPU
		{EA43F9D2-A260-4431-BFD4-C234F7102506}.Release|Any CPU.ActiveCfg = Release|Any CPU
		{EA43F9D2-A260-4431-BFD4-C234F7102506}.Release|Any CPU.Build.0 = Release|Any CPU
	EndGlobalSection
	GlobalSection(SolutionProperties) = preSolution
		HideSolutionNode = FALSE
	EndGlobalSection
	GlobalSection(ExtensibilityGlobals) = postSolution
		SolutionGuid = {E7F69F80-7170-4E47-915C-462D9EA89C76}
	EndGlobalSection
EndGlobal
